{
  "name": "vigenere-encoder",
  "version": "3.1.0",
  "lockfileVersion": 3,
  "requires": true,
  "packages": {
    "": {
      "name": "vigenere-encoder",
      "version": "3.1.0",
      "license": "MIT",
      "dependencies": {
        "func-middleware": "^3.1.6"
      },
      "devDependencies": {
        "typescript": "^5.4.5"
      }
    },
    "node_modules/func-middleware": {
      "version": "3.1.6",
      "resolved": "https://registry.npmjs.org/func-middleware/-/func-middleware-3.1.6.tgz",
      "integrity": "sha512-nbof31mbs6MVpPC3IKZnS+YK0EfQXFOxsFPAbq0RBK2tPZfI3ZGKftSi5DZ//8Qhdjs8QF1twveuy+Uz/3aEqg==",
      "license": "MIT"
    },
    "node_modules/typescript": {
      "version": "5.4.5",
      "resolved": "https://registry.npmjs.org/typescript/-/typescript-5.4.5.tgz",
      "integrity": "sha512-vcI4UpRgg81oIRUFwR0WSIHKt11nJ7SAVlYNIu+QpqeyXP+gpQJy/Z4+F0aGxSE4MqwjyXvW/TzgkLAx2AGHwQ==",
      "dev": true,
      "bin": {
        "tsc": "bin/tsc",
        "tsserver": "bin/tsserver"
      },
      "engines": {
        "node": ">=14.17"
      }
    }
  }
}
